
Microsoft Visual Studio Solution File, Format Version 12.00
# Visual Studio Version 16
VisualStudioVersion = 16.0.30615.102
MinimumVisualStudioVersion = 10.0.40219.1
Project("{FAE04EC0-301F-11D3-BF4B-00C04F79EFBC}") = "Application", "Application\Application.csproj", "{99C157EF-5B75-4E73-BAC3-6B78B9C152A2}"
EndProject
Project("{FAE04EC0-301F-11D3-BF4B-00C04F79EFBC}") = "Application.Tests", "Application.Tests\Application.Tests.csproj", "{2C2D6A84-F845-401B-9F84-3ECE2FE99052}"
EndProject
Project("{FAE04EC0-301F-11D3-BF4B-00C04F79EFBC}") = "Domain", "Domain\Domain.csproj", "{DDD691A9-B030-4014-ADC8-A2D602B4C308}"
EndProject
Global
	GlobalSection(SolutionConfigurationPlatforms) = preSolution
		Debug|Any CPU = Debug|Any CPU
		Release|Any CPU = Release|Any CPU
	EndGlobalSection
	GlobalSection(ProjectConfigurationPlatforms) = postSolution
		{99C157EF-5B75-4E73-BAC3-6B78B9C152A2}.Debug|Any CPU.ActiveCfg = Debug|Any CPU
		{99C157EF-5B75-4E73-BAC3-6B78B9C152A2}.Debug|Any CPU.Build.0 = Debug|Any CPU
		{99C157EF-5B75-4E73-BAC3-6B78B9C152A2}.Release|Any CPU.ActiveCfg = Release|Any CPU
		{99C157EF-5B75-4E73-BAC3-6B78B9C152A2}.Release|Any CPU.Build.0 = Release|Any CPU
		{2C2D6A84-F845-401B-9F84-3ECE2FE99052}.Debug|Any CPU.ActiveCfg = Debug|Any CPU
		{2C2D6A84-F845-401B-9F84-3ECE2FE99052}.Debug|Any CPU.Build.0 = Debug|Any CPU
		{2C2D6A84-F845-401B-9F84-3ECE2FE99052}.Release|Any CPU.ActiveCfg = Release|Any CPU
		{2C2D6A84-F845-401B-9F84-3ECE2FE99052}.Release|Any CPU.Build.0 = Release|Any CPU
		{DDD691A9-B030-4014-ADC8-A2D602B4C308}.Debug|Any CPU.ActiveCfg = Debug|Any CPU
		{DDD691A9-B030-4014-ADC8-A2D602B4C308}.Debug|Any CPU.Build.0 = Debug|Any CPU
		{DDD691A9-B030-4014-ADC8-A2D602B4C308}.Release|Any CPU.ActiveCfg = Release|Any CPU
		{DDD691A9-B030-4014-ADC8-A2D602B4C308}.Release|Any CPU.Build.0 = Release|Any CPU
	EndGlobalSection
	GlobalSection(SolutionProperties) = preSolution
		HideSolutionNode = FALSE
	EndGlobalSection
	GlobalSection(ExtensibilityGlobals) = postSolution
		SolutionGuid = {4BBF44C6-3805-41E0-B220-ECC24749B445}
	EndGlobalSection
EndGlobal
